
Microsoft Visual Studio Solution File, Format Version 12.00
# Visual Studio 15
VisualStudioVersion = 15.0.27703.2035
MinimumVisualStudioVersion = 10.0.40219.1
Project("{9A19103F-16F7-4668-BE54-9A1E7A4F7556}") = "JG.TestFramework", "src\JG.TestFramework\JG.TestFramework.csproj", "{AE16A914-64DE-4911-B71D-0645314CBFD2}"
EndProject
Project("{9A19103F-16F7-4668-BE54-9A1E7A4F7556}") = "JG.Demo.CoreTests", "test\JG.Demo.CoreTests\JG.Demo.CoreTests.csproj", "{9897720B-8513-41C6-B985-C0BB79EBB205}"
EndProject
Global
	GlobalSection(SolutionConfigurationPlatforms) = preSolution
		Debug|Any CPU = Debug|Any CPU
		Release|Any CPU = Release|Any CPU
	EndGlobalSection
	GlobalSection(ProjectConfigurationPlatforms) = postSolution
		{AE16A914-64DE-4911-B71D-0645314CBFD2}.Debug|Any CPU.ActiveCfg = Debug|Any CPU
		{AE16A914-64DE-4911-B71D-0645314CBFD2}.Debug|Any CPU.Build.0 = Debug|Any CPU
		{AE16A914-64DE-4911-B71D-0645314CBFD2}.Release|Any CPU.ActiveCfg = Release|Any CPU
		{AE16A914-64DE-4911-B71D-0645314CBFD2}.Release|Any CPU.Build.0 = Release|Any CPU
		{9897720B-8513-41C6-B985-C0BB79EBB205}.Debug|Any CPU.ActiveCfg = Debug|Any CPU
		{9897720B-8513-41C6-B985-C0BB79EBB205}.Debug|Any CPU.Build.0 = Debug|Any CPU
		{9897720B-8513-41C6-B985-C0BB79EBB205}.Release|Any CPU.ActiveCfg = Release|Any CPU
		{9897720B-8513-41C6-B985-C0BB79EBB205}.Release|Any CPU.Build.0 = Release|Any CPU
	EndGlobalSection
	GlobalSection(SolutionProperties) = preSolution
		HideSolutionNode = FALSE
	EndGlobalSection
	GlobalSection(ExtensibilityGlobals) = postSolution
		SolutionGuid = {CA80AAD7-5B33-4619-A5AB-877321B4C346}
	EndGlobalSection
EndGlobal
